
Microsoft Visual Studio Solution File, Format Version 12.00
# Visual Studio Version 17
VisualStudioVersion = 17.0.31808.319
MinimumVisualStudioVersion = 10.0.40219.1
Project("{FAE04EC0-301F-11D3-BF4B-00C04F79EFBC}") = "ATM-BasicApp", "ATM-BasicApp.csproj", "{925E6E23-72B8-4B5D-8970-BE557CF0C430}"
EndProject
Global
	GlobalSection(SolutionConfigurationPlatforms) = preSolution
		Debug|Any CPU = Debug|Any CPU
		Release|Any CPU = Release|Any CPU
	EndGlobalSection
	GlobalSection(ProjectConfigurationPlatforms) = postSolution
		{925E6E23-72B8-4B5D-8970-BE557CF0C430}.Debug|Any CPU.ActiveCfg = Debug|Any CPU
		{925E6E23-72B8-4B5D-8970-BE557CF0C430}.Debug|Any CPU.Build.0 = Debug|Any CPU
		{925E6E23-72B8-4B5D-8970-BE557CF0C430}.Release|Any CPU.ActiveCfg = Release|Any CPU
		{925E6E23-72B8-4B5D-8970-BE557CF0C430}.Release|Any CPU.Build.0 = Release|Any CPU
	EndGlobalSection
	GlobalSection(SolutionProperties) = preSolution
		HideSolutionNode = FALSE
	EndGlobalSection
	GlobalSection(ExtensibilityGlobals) = postSolution
		SolutionGuid = {1EA752B2-2E77-480B-B083-F590E6C58762}
	EndGlobalSection
EndGlobal
